
Microsoft Visual Studio Solution File, Format Version 12.00
# Visual Studio 15
VisualStudioVersion = 15.0.27130.2027
MinimumVisualStudioVersion = 10.0.40219.1
Project("{9A19103F-16F7-4668-BE54-9A1E7A4F7556}") = "AaronLuna.Common", "AaronLuna.Common\AaronLuna.Common.csproj", "{5C51C5E0-7779-4F9A-B077-73A9DAB571F9}"
EndProject
Project("{FAE04EC0-301F-11D3-BF4B-00C04F79EFBC}") = "AaronLuna.CommonTest", "AaronLuna.CommonTest\AaronLuna.CommonTest.csproj", "{4A216B83-9AF4-4021-8FF1-7B308EFF3948}"
EndProject
Global
	GlobalSection(SolutionConfigurationPlatforms) = preSolution
		Debug|Any CPU = Debug|Any CPU
		Release|Any CPU = Release|Any CPU
	EndGlobalSection
	GlobalSection(ProjectConfigurationPlatforms) = postSolution
		{5C51C5E0-7779-4F9A-B077-73A9DAB571F9}.Debug|Any CPU.ActiveCfg = Debug|Any CPU
		{5C51C5E0-7779-4F9A-B077-73A9DAB571F9}.Debug|Any CPU.Build.0 = Debug|Any CPU
		{5C51C5E0-7779-4F9A-B077-73A9DAB571F9}.Release|Any CPU.ActiveCfg = Release|Any CPU
		{5C51C5E0-7779-4F9A-B077-73A9DAB571F9}.Release|Any CPU.Build.0 = Release|Any CPU
		{4A216B83-9AF4-4021-8FF1-7B308EFF3948}.Debug|Any CPU.ActiveCfg = Debug|Any CPU
		{4A216B83-9AF4-4021-8FF1-7B308EFF3948}.Debug|Any CPU.Build.0 = Debug|Any CPU
		{4A216B83-9AF4-4021-8FF1-7B308EFF3948}.Release|Any CPU.ActiveCfg = Release|Any CPU
		{4A216B83-9AF4-4021-8FF1-7B308EFF3948}.Release|Any CPU.Build.0 = Release|Any CPU
	EndGlobalSection
	GlobalSection(SolutionProperties) = preSolution
		HideSolutionNode = FALSE
	EndGlobalSection
	GlobalSection(ExtensibilityGlobals) = postSolution
		SolutionGuid = {60A66A91-47E5-4F99-963E-8388E9557550}
	EndGlobalSection
EndGlobal
